
Microsoft Visual Studio Solution File, Format Version 12.00
# Visual Studio Version 17
VisualStudioVersion = 17.5.33502.453
MinimumVisualStudioVersion = 10.0.40219.1
Project("{FAE04EC0-301F-11D3-BF4B-00C04F79EFBC}") = "ChallengeApp", "ChallengeApp\ChallengeApp.csproj", "{3645936C-6F54-465B-BA2C-24235ECA1DFF}"
EndProject
Global
	GlobalSection(SolutionConfigurationPlatforms) = preSolution
		Debug|Any CPU = Debug|Any CPU
		Release|Any CPU = Release|Any CPU
	EndGlobalSection
	GlobalSection(ProjectConfigurationPlatforms) = postSolution
		{3645936C-6F54-465B-BA2C-24235ECA1DFF}.Debug|Any CPU.ActiveCfg = Debug|Any CPU
		{3645936C-6F54-465B-BA2C-24235ECA1DFF}.Debug|Any CPU.Build.0 = Debug|Any CPU
		{3645936C-6F54-465B-BA2C-24235ECA1DFF}.Release|Any CPU.ActiveCfg = Release|Any CPU
		{3645936C-6F54-465B-BA2C-24235ECA1DFF}.Release|Any CPU.Build.0 = Release|Any CPU
	EndGlobalSection
	GlobalSection(SolutionProperties) = preSolution
		HideSolutionNode = FALSE
	EndGlobalSection
	GlobalSection(ExtensibilityGlobals) = postSolution
		SolutionGuid = {33031C60-28B9-48B1-B837-43D280E4E67B}
	EndGlobalSection
EndGlobal
